
Microsoft Visual Studio Solution File, Format Version 12.00
# Visual Studio Version 17
VisualStudioVersion = 17.10.35027.167
MinimumVisualStudioVersion = 10.0.40219.1
Project("{FAE04EC0-301F-11D3-BF4B-00C04F79EFBC}") = "MedicalServices", "MedicalServices\MedicalServices.csproj", "{FDE69186-49B9-42BB-810E-81D30F8E311E}"
EndProject
Global
	GlobalSection(SolutionConfigurationPlatforms) = preSolution
		Debug|Any CPU = Debug|Any CPU
		Release|Any CPU = Release|Any CPU
	EndGlobalSection
	GlobalSection(ProjectConfigurationPlatforms) = postSolution
		{FDE69186-49B9-42BB-810E-81D30F8E311E}.Debug|Any CPU.ActiveCfg = Debug|Any CPU
		{FDE69186-49B9-42BB-810E-81D30F8E311E}.Debug|Any CPU.Build.0 = Debug|Any CPU
		{FDE69186-49B9-42BB-810E-81D30F8E311E}.Release|Any CPU.ActiveCfg = Release|Any CPU
		{FDE69186-49B9-42BB-810E-81D30F8E311E}.Release|Any CPU.Build.0 = Release|Any CPU
	EndGlobalSection
	GlobalSection(SolutionProperties) = preSolution
		HideSolutionNode = FALSE
	EndGlobalSection
	GlobalSection(ExtensibilityGlobals) = postSolution
		SolutionGuid = {83A29150-995D-4331-8974-51E360B97731}
	EndGlobalSection
EndGlobal
